PODS:
  - NMSSH (2.3.1)
  - SwiftFormat/CLI (0.42.0)
  - SwiftLint (0.38.0)

DEPENDENCIES:
  - NMSSH
  - SwiftFormat/CLI
  - SwiftLint

SPEC REPOS:
  trunk:
    - NMSSH
    - SwiftFormat
    - SwiftLint

SPEC CHECKSUMS:
  NMSSH: cd689ae535a1581a6dd9fd4600ff71247df510a6
  SwiftFormat: 5faa819600268dfaa5c19f1359730883db151678
  SwiftLint: 4105f061f9812b214568b736dab580ab2c73a582

PODFILE CHECKSUM: 873e39ff75a551d5a74c1a7efe402166305efa4d

COCOAPODS: 1.8.4
