// !$*UTF8*$!
{
	archiveVersion = 1;
	classes = {
	};
	objectVersion = 51;
	objects = {

/* Begin PBXBuildFile section */
		34E8ED5581193900E6C593EE /* Pods_printsocTests.framework in Frameworks */ = {isa = PBXBuildFile; fileRef = 936BE9AF3C7F9E870C2E7AFE /* Pods_printsocTests.framework */; };
		5F4D2E54712688955788CE7B /* Pods_printsoc_printsocUITests.framework in Frameworks */ = {isa = PBXBuildFile; fileRef = A896D86DD4ACF8F7CACA3E4F /* Pods_printsoc_printsocUITests.framework */; };
		989FDFE7E3BAE2871CA7D606 /* Pods_printsoc.framework in Frameworks */ = {isa = PBXBuildFile; fileRef = 7BA5FF7801793F0B52187572 /* Pods_printsoc.framework */; };
		C63522E323994158006C305E /* Account.swift in Sources */ = {isa = PBXBuildFile; fileRef = C63522E223994158006C305E /* Account.swift */; };
		C63522E523994243006C305E /* AppState.swift in Sources */ = {isa = PBXBuildFile; fileRef = C63522E423994243006C305E /* AppState.swift */; };
		C63522EA239A15AC006C305E /* Transport.swift in Sources */ = {isa = PBXBuildFile; fileRef = C63522E9239A15AC006C305E /* Transport.swift */; };
		C6398DD123992C3F00C836AC /* AppDelegate.swift in Sources */ = {isa = PBXBuildFile; fileRef = C6398DD023992C3F00C836AC /* AppDelegate.swift */; };
		C6398DD323992C3F00C836AC /* SceneDelegate.swift in Sources */ = {isa = PBXBuildFile; fileRef = C6398DD223992C3F00C836AC /* SceneDelegate.swift */; };
		C6398DD523992C3F00C836AC /* ContentView.swift in Sources */ = {isa = PBXBuildFile; fileRef = C6398DD423992C3F00C836AC /* ContentView.swift */; };
		C6398DD723992C4200C836AC /* Assets.xcassets in Resources */ = {isa = PBXBuildFile; fileRef = C6398DD623992C4200C836AC /* Assets.xcassets */; };
		C6398DDA23992C4200C836AC /* Preview Assets.xcassets in Resources */ = {isa = PBXBuildFile; fileRef = C6398DD923992C4200C836AC /* Preview Assets.xcassets */; };
		C6398DDD23992C4200C836AC /* LaunchScreen.storyboard in Resources */ = {isa = PBXBuildFile; fileRef = C6398DDB23992C4200C836AC /* LaunchScreen.storyboard */; };
		C6398DE823992C4200C836AC /* printsocTests.swift in Sources */ = {isa = PBXBuildFile; fileRef = C6398DE723992C4200C836AC /* printsocTests.swift */; };
		C6398DF323992C4200C836AC /* printsocUITests.swift in Sources */ = {isa = PBXBuildFile; fileRef = C6398DF223992C4200C836AC /* printsocUITests.swift */; };
		C6928F85239A234700C4242F /* ActivityIndicator.swift in Sources */ = {isa = PBXBuildFile; fileRef = C6928F84239A234700C4242F /* ActivityIndicator.swift */; };
		C6928F89239A30FD00C4242F /* HomeView.swift in Sources */ = {isa = PBXBuildFile; fileRef = C6928F88239A30FD00C4242F /* HomeView.swift */; };
		C6928F8B239A353500C4242F /* PaperUsage.swift in Sources */ = {isa = PBXBuildFile; fileRef = C6928F8A239A353500C4242F /* PaperUsage.swift */; };
		C6928F8D239A4E7500C4242F /* PrintUsageView.swift in Sources */ = {isa = PBXBuildFile; fileRef = C6928F8C239A4E7500C4242F /* PrintUsageView.swift */; };
		C6928F8F239A577B00C4242F /* PrintUsageSectionView.swift in Sources */ = {isa = PBXBuildFile; fileRef = C6928F8E239A577B00C4242F /* PrintUsageSectionView.swift */; };
		C692EA2623993631005512DA /* LoginView.swift in Sources */ = {isa = PBXBuildFile; fileRef = C692EA2523993631005512DA /* LoginView.swift */; };
		C69BDE8E23A1213000BABBAE /* TransportError.swift in Sources */ = {isa = PBXBuildFile; fileRef = C69BDE8D23A1213000BABBAE /* TransportError.swift */; };
		C69BDE9023A1214600BABBAE /* NMSSHTransport.swift in Sources */ = {isa = PBXBuildFile; fileRef = C69BDE8F23A1214600BABBAE /* NMSSHTransport.swift */; };
		C69BDE9223A1237C00BABBAE /* TransportConstants.swift in Sources */ = {isa = PBXBuildFile; fileRef = C69BDE9123A1237C00BABBAE /* TransportConstants.swift */; };
		C69BDE9423A2244500BABBAE /* Data.swift in Sources */ = {isa = PBXBuildFile; fileRef = C69BDE9323A2244500BABBAE /* Data.swift */; };
		C69BDE9623A2265200BABBAE /* TransportSession.swift in Sources */ = {isa = PBXBuildFile; fileRef = C69BDE9523A2265200BABBAE /* TransportSession.swift */; };
		C69BDE9923A228EE00BABBAE /* NMSSHTransportSession.swift in Sources */ = {isa = PBXBuildFile; fileRef = C69BDE9823A228EE00BABBAE /* NMSSHTransportSession.swift */; };
		C69BDE9B23A22A8F00BABBAE /* TransportSessionError.swift in Sources */ = {isa = PBXBuildFile; fileRef = C69BDE9A23A22A8F00BABBAE /* TransportSessionError.swift */; };
		C69BDE9D23A2995B00BABBAE /* QuotaView.swift in Sources */ = {isa = PBXBuildFile; fileRef = C69BDE9C23A2995B00BABBAE /* QuotaView.swift */; };
		C69BDEA323A29D3E00BABBAE /* PrintView.swift in Sources */ = {isa = PBXBuildFile; fileRef = C69BDEA223A29D3E00BABBAE /* PrintView.swift */; };
		C69BDEA723A29E8500BABBAE /* TabLabel.swift in Sources */ = {isa = PBXBuildFile; fileRef = C69BDEA623A29E8500BABBAE /* TabLabel.swift */; };
		C69BDEA923A398C100BABBAE /* PDFPreview.swift in Sources */ = {isa = PBXBuildFile; fileRef = C69BDEA823A398C100BABBAE /* PDFPreview.swift */; };
		C69BDEAB23A39A9F00BABBAE /* DocumentPicker.swift in Sources */ = {isa = PBXBuildFile; fileRef = C69BDEAA23A39A9F00BABBAE /* DocumentPicker.swift */; };
		C6AB598723A7BB9F00FDE0E9 /* PrintSettingsView.swift in Sources */ = {isa = PBXBuildFile; fileRef = C6AB598623A7BB9F00FDE0E9 /* PrintSettingsView.swift */; };
		C6AB598923A7BC6800FDE0E9 /* PrinterPickerView.swift in Sources */ = {isa = PBXBuildFile; fileRef = C6AB598823A7BC6800FDE0E9 /* PrinterPickerView.swift */; };
/* End PBXBuildFile section */

/* Begin PBXContainerItemProxy section */
		C6398DE423992C4200C836AC /* PBXContainerItemProxy */ = {
			isa = PBXContainerItemProxy;
			containerPortal = C6398DC523992C3F00C836AC /* Project object */;
			proxyType = 1;
			remoteGlobalIDString = C6398DCC23992C3F00C836AC;
			remoteInfo = printsoc;
		};
		C6398DEF23992C4200C836AC /* PBXContainerItemProxy */ = {
			isa = PBXContainerItemProxy;
			containerPortal = C6398DC523992C3F00C836AC /* Project object */;
			proxyType = 1;
			remoteGlobalIDString = C6398DCC23992C3F00C836AC;
			remoteInfo = printsoc;
		};
/* End PBXContainerItemProxy section */

/* Begin PBXFileReference section */
		3BD84D4ABC1F999163D29FD1 /* Pods-printsoc-printsocUITests.debug.xcconfig */ = {isa = PBXFileReference; includeInIndex = 1; lastKnownFileType = text.xcconfig; name = "Pods-printsoc-printsocUITests.debug.xcconfig"; path = "Target Support Files/Pods-printsoc-printsocUITests/Pods-printsoc-printsocUITests.debug.xcconfig"; sourceTree = "<group>"; };
		7BA5FF7801793F0B52187572 /* Pods_printsoc.framework */ = {isa = PBXFileReference; explicitFileType = wrapper.framework; includeInIndex = 0; path = Pods_printsoc.framework; sourceTree = BUILT_PRODUCTS_DIR; };
		82FEE29C25F2DD212B82D79E /* Pods-printsoc.debug.xcconfig */ = {isa = PBXFileReference; includeInIndex = 1; lastKnownFileType = text.xcconfig; name = "Pods-printsoc.debug.xcconfig"; path = "Target Support Files/Pods-printsoc/Pods-printsoc.debug.xcconfig"; sourceTree = "<group>"; };
		8A88A8D8E9CF5D0489BF8066 /* Pods-printsocTests.debug.xcconfig */ = {isa = PBXFileReference; includeInIndex = 1; lastKnownFileType = text.xcconfig; name = "Pods-printsocTests.debug.xcconfig"; path = "Target Support Files/Pods-printsocTests/Pods-printsocTests.debug.xcconfig"; sourceTree = "<group>"; };
		936BE9AF3C7F9E870C2E7AFE /* Pods_printsocTests.framework */ = {isa = PBXFileReference; explicitFileType = wrapper.framework; includeInIndex = 0; path = Pods_printsocTests.framework; sourceTree = BUILT_PRODUCTS_DIR; };
		9FDFBB186CB189609BF81933 /* Pods-printsocTests.release.xcconfig */ = {isa = PBXFileReference; includeInIndex = 1; lastKnownFileType = text.xcconfig; name = "Pods-printsocTests.release.xcconfig"; path = "Target Support Files/Pods-printsocTests/Pods-printsocTests.release.xcconfig"; sourceTree = "<group>"; };
		A1E77E6D38BD619367E86547 /* Pods-printsoc-printsocUITests.release.xcconfig */ = {isa = PBXFileReference; includeInIndex = 1; lastKnownFileType = text.xcconfig; name = "Pods-printsoc-printsocUITests.release.xcconfig"; path = "Target Support Files/Pods-printsoc-printsocUITests/Pods-printsoc-printsocUITests.release.xcconfig"; sourceTree = "<group>"; };
		A896D86DD4ACF8F7CACA3E4F /* Pods_printsoc_printsocUITests.framework */ = {isa = PBXFileReference; explicitFileType = wrapper.framework; includeInIndex = 0; path = Pods_printsoc_printsocUITests.framework; sourceTree = BUILT_PRODUCTS_DIR; };
		C63522E0239940B3006C305E /* printsoc.entitlements */ = {isa = PBXFileReference; lastKnownFileType = text.plist.entitlements; path = printsoc.entitlements; sourceTree = "<group>"; };
		C63522E223994158006C305E /* Account.swift */ = {isa = PBXFileReference; lastKnownFileType = sourcecode.swift; path = Account.swift; sourceTree = "<group>"; };
		C63522E423994243006C305E /* AppState.swift */ = {isa = PBXFileReference; lastKnownFileType = sourcecode.swift; path = AppState.swift; sourceTree = "<group>"; };
		C63522E9239A15AC006C305E /* Transport.swift */ = {isa = PBXFileReference; lastKnownFileType = sourcecode.swift; path = Transport.swift; sourceTree = "<group>"; };
		C6398DCD23992C3F00C836AC /* printsoc.app */ = {isa = PBXFileReference; explicitFileType = wrapper.application; includeInIndex = 0; path = printsoc.app; sourceTree = BUILT_PRODUCTS_DIR; };
		C6398DD023992C3F00C836AC /* AppDelegate.swift */ = {isa = PBXFileReference; lastKnownFileType = sourcecode.swift; path = AppDelegate.swift; sourceTree = "<group>"; };
		C6398DD223992C3F00C836AC /* SceneDelegate.swift */ = {isa = PBXFileReference; lastKnownFileType = sourcecode.swift; path = SceneDelegate.swift; sourceTree = "<group>"; };
		C6398DD423992C3F00C836AC /* ContentView.swift */ = {isa = PBXFileReference; lastKnownFileType = sourcecode.swift; path = ContentView.swift; sourceTree = "<group>"; };
		C6398DD623992C4200C836AC /* Assets.xcassets */ = {isa = PBXFileReference; lastKnownFileType = folder.assetcatalog; path = Assets.xcassets; sourceTree = "<group>"; };
		C6398DD923992C4200C836AC /* Preview Assets.xcassets */ = {isa = PBXFileReference; lastKnownFileType = folder.assetcatalog; path = "Preview Assets.xcassets"; sourceTree = "<group>"; };
		C6398DDC23992C4200C836AC /* Base */ = {isa = PBXFileReference; lastKnownFileType = file.storyboard; name = Base; path = Base.lproj/LaunchScreen.storyboard; sourceTree = "<group>"; };
		C6398DDE23992C4200C836AC /* Info.plist */ = {isa = PBXFileReference; lastKnownFileType = text.plist.xml; path = Info.plist; sourceTree = "<group>"; };
		C6398DE323992C4200C836AC /* printsocTests.xctest */ = {isa = PBXFileReference; explicitFileType = wrapper.cfbundle; includeInIndex = 0; path = printsocTests.xctest; sourceTree = BUILT_PRODUCTS_DIR; };
		C6398DE723992C4200C836AC /* printsocTests.swift */ = {isa = PBXFileReference; lastKnownFileType = sourcecode.swift; path = printsocTests.swift; sourceTree = "<group>"; };
		C6398DE923992C4200C836AC /* Info.plist */ = {isa = PBXFileReference; lastKnownFileType = text.plist.xml; path = Info.plist; sourceTree = "<group>"; };
		C6398DEE23992C4200C836AC /* printsocUITests.xctest */ = {isa = PBXFileReference; explicitFileType = wrapper.cfbundle; includeInIndex = 0; path = printsocUITests.xctest; sourceTree = BUILT_PRODUCTS_DIR; };
		C6398DF223992C4200C836AC /* printsocUITests.swift */ = {isa = PBXFileReference; lastKnownFileType = sourcecode.swift; path = printsocUITests.swift; sourceTree = "<group>"; };
		C6398DF423992C4200C836AC /* Info.plist */ = {isa = PBXFileReference; lastKnownFileType = text.plist.xml; path = Info.plist; sourceTree = "<group>"; };
		C6928F84239A234700C4242F /* ActivityIndicator.swift */ = {isa = PBXFileReference; lastKnownFileType = sourcecode.swift; path = ActivityIndicator.swift; sourceTree = "<group>"; };
		C6928F88239A30FD00C4242F /* HomeView.swift */ = {isa = PBXFileReference; lastKnownFileType = sourcecode.swift; path = HomeView.swift; sourceTree = "<group>"; };
		C6928F8A239A353500C4242F /* PaperUsage.swift */ = {isa = PBXFileReference; lastKnownFileType = sourcecode.swift; path = PaperUsage.swift; sourceTree = "<group>"; };
		C6928F8C239A4E7500C4242F /* PrintUsageView.swift */ = {isa = PBXFileReference; lastKnownFileType = sourcecode.swift; path = PrintUsageView.swift; sourceTree = "<group>"; };
		C6928F8E239A577B00C4242F /* PrintUsageSectionView.swift */ = {isa = PBXFileReference; lastKnownFileType = sourcecode.swift; path = PrintUsageSectionView.swift; sourceTree = "<group>"; };
		C692EA2523993631005512DA /* LoginView.swift */ = {isa = PBXFileReference; lastKnownFileType = sourcecode.swift; path = LoginView.swift; sourceTree = "<group>"; };
		C69BDE8D23A1213000BABBAE /* TransportError.swift */ = {isa = PBXFileReference; lastKnownFileType = sourcecode.swift; path = TransportError.swift; sourceTree = "<group>"; };
		C69BDE8F23A1214600BABBAE /* NMSSHTransport.swift */ = {isa = PBXFileReference; lastKnownFileType = sourcecode.swift; path = NMSSHTransport.swift; sourceTree = "<group>"; };
		C69BDE9123A1237C00BABBAE /* TransportConstants.swift */ = {isa = PBXFileReference; lastKnownFileType = sourcecode.swift; path = TransportConstants.swift; sourceTree = "<group>"; };
		C69BDE9323A2244500BABBAE /* Data.swift */ = {isa = PBXFileReference; lastKnownFileType = sourcecode.swift; path = Data.swift; sourceTree = "<group>"; };
		C69BDE9523A2265200BABBAE /* TransportSession.swift */ = {isa = PBXFileReference; lastKnownFileType = sourcecode.swift; path = TransportSession.swift; sourceTree = "<group>"; };
		C69BDE9823A228EE00BABBAE /* NMSSHTransportSession.swift */ = {isa = PBXFileReference; lastKnownFileType = sourcecode.swift; path = NMSSHTransportSession.swift; sourceTree = "<group>"; };
		C69BDE9A23A22A8F00BABBAE /* TransportSessionError.swift */ = {isa = PBXFileReference; lastKnownFileType = sourcecode.swift; path = TransportSessionError.swift; sourceTree = "<group>"; };
		C69BDE9C23A2995B00BABBAE /* QuotaView.swift */ = {isa = PBXFileReference; lastKnownFileType = sourcecode.swift; path = QuotaView.swift; sourceTree = "<group>"; };
		C69BDEA223A29D3E00BABBAE /* PrintView.swift */ = {isa = PBXFileReference; lastKnownFileType = sourcecode.swift; path = PrintView.swift; sourceTree = "<group>"; };
		C69BDEA623A29E8500BABBAE /* TabLabel.swift */ = {isa = PBXFileReference; lastKnownFileType = sourcecode.swift; path = TabLabel.swift; sourceTree = "<group>"; };
		C69BDEA823A398C100BABBAE /* PDFPreview.swift */ = {isa = PBXFileReference; lastKnownFileType = sourcecode.swift; path = PDFPreview.swift; sourceTree = "<group>"; };
		C69BDEAA23A39A9F00BABBAE /* DocumentPicker.swift */ = {isa = PBXFileReference; lastKnownFileType = sourcecode.swift; path = DocumentPicker.swift; sourceTree = "<group>"; };
		C6AB598623A7BB9F00FDE0E9 /* PrintSettingsView.swift */ = {isa = PBXFileReference; lastKnownFileType = sourcecode.swift; path = PrintSettingsView.swift; sourceTree = "<group>"; };
		C6AB598823A7BC6800FDE0E9 /* PrinterPickerView.swift */ = {isa = PBXFileReference; lastKnownFileType = sourcecode.swift; path = PrinterPickerView.swift; sourceTree = "<group>"; };
		D12BFB1D031F14949DC4BC3D /* Pods-printsoc.release.xcconfig */ = {isa = PBXFileReference; includeInIndex = 1; lastKnownFileType = text.xcconfig; name = "Pods-printsoc.release.xcconfig"; path = "Target Support Files/Pods-printsoc/Pods-printsoc.release.xcconfig"; sourceTree = "<group>"; };
/* End PBXFileReference section */

/* Begin PBXFrameworksBuildPhase section */
		C6398DCA23992C3F00C836AC /* Frameworks */ = {
			isa = PBXFrameworksBuildPhase;
			buildActionMask = 2147483647;
			files = (
				989FDFE7E3BAE2871CA7D606 /* Pods_printsoc.framework in Frameworks */,
			);
			runOnlyForDeploymentPostprocessing = 0;
		};
		C6398DE023992C4200C836AC /* Frameworks */ = {
			isa = PBXFrameworksBuildPhase;
			buildActionMask = 2147483647;
			files = (
				34E8ED5581193900E6C593EE /* Pods_printsocTests.framework in Frameworks */,
			);
			runOnlyForDeploymentPostprocessing = 0;
		};
		C6398DEB23992C4200C836AC /* Frameworks */ = {
			isa = PBXFrameworksBuildPhase;
			buildActionMask = 2147483647;
			files = (
				5F4D2E54712688955788CE7B /* Pods_printsoc_printsocUITests.framework in Frameworks */,
			);
			runOnlyForDeploymentPostprocessing = 0;
		};
/* End PBXFrameworksBuildPhase section */

/* Begin PBXGroup section */
		8E080AE62672014D607BEA24 /* Pods */ = {
			isa = PBXGroup;
			children = (
				82FEE29C25F2DD212B82D79E /* Pods-printsoc.debug.xcconfig */,
				D12BFB1D031F14949DC4BC3D /* Pods-printsoc.release.xcconfig */,
				3BD84D4ABC1F999163D29FD1 /* Pods-printsoc-printsocUITests.debug.xcconfig */,
				A1E77E6D38BD619367E86547 /* Pods-printsoc-printsocUITests.release.xcconfig */,
				8A88A8D8E9CF5D0489BF8066 /* Pods-printsocTests.debug.xcconfig */,
				9FDFBB186CB189609BF81933 /* Pods-printsocTests.release.xcconfig */,
			);
			path = Pods;
			sourceTree = "<group>";
		};
		A7D7F1AA7D32D1C3D8F37D5F /* Frameworks */ = {
			isa = PBXGroup;
			children = (
				7BA5FF7801793F0B52187572 /* Pods_printsoc.framework */,
				A896D86DD4ACF8F7CACA3E4F /* Pods_printsoc_printsocUITests.framework */,
				936BE9AF3C7F9E870C2E7AFE /* Pods_printsocTests.framework */,
			);
			name = Frameworks;
			sourceTree = "<group>";
		};
		C63522E12399414F006C305E /* Models */ = {
			isa = PBXGroup;
			children = (
				C63522E223994158006C305E /* Account.swift */,
				C63522E423994243006C305E /* AppState.swift */,
				C6928F8A239A353500C4242F /* PaperUsage.swift */,
				C69BDE9323A2244500BABBAE /* Data.swift */,
			);
			path = Models;
			sourceTree = "<group>";
		};
		C6398DC423992C3F00C836AC = {
			isa = PBXGroup;
			children = (
				C6398DCF23992C3F00C836AC /* printsoc */,
				C6398DE623992C4200C836AC /* printsocTests */,
				C6398DF123992C4200C836AC /* printsocUITests */,
				C6398DCE23992C3F00C836AC /* Products */,
				8E080AE62672014D607BEA24 /* Pods */,
				A7D7F1AA7D32D1C3D8F37D5F /* Frameworks */,
			);
			sourceTree = "<group>";
		};
		C6398DCE23992C3F00C836AC /* Products */ = {
			isa = PBXGroup;
			children = (
				C6398DCD23992C3F00C836AC /* printsoc.app */,
				C6398DE323992C4200C836AC /* printsocTests.xctest */,
				C6398DEE23992C4200C836AC /* printsocUITests.xctest */,
			);
			name = Products;
			sourceTree = "<group>";
		};
		C6398DCF23992C3F00C836AC /* printsoc */ = {
			isa = PBXGroup;
			children = (
				C69BDE8C23A1212600BABBAE /* Transport */,
				C63522E12399414F006C305E /* Models */,
				C63522E0239940B3006C305E /* printsoc.entitlements */,
				C692EA272399363D005512DA /* Views */,
				C6398DD023992C3F00C836AC /* AppDelegate.swift */,
				C6398DD223992C3F00C836AC /* SceneDelegate.swift */,
				C6398DD423992C3F00C836AC /* ContentView.swift */,
				C6398DD623992C4200C836AC /* Assets.xcassets */,
				C6398DDB23992C4200C836AC /* LaunchScreen.storyboard */,
				C6398DDE23992C4200C836AC /* Info.plist */,
				C6398DD823992C4200C836AC /* Preview Content */,
			);
			path = printsoc;
			sourceTree = "<group>";
		};
		C6398DD823992C4200C836AC /* Preview Content */ = {
			isa = PBXGroup;
			children = (
				C6398DD923992C4200C836AC /* Preview Assets.xcassets */,
			);
			path = "Preview Content";
			sourceTree = "<group>";
		};
		C6398DE623992C4200C836AC /* printsocTests */ = {
			isa = PBXGroup;
			children = (
				C6398DE723992C4200C836AC /* printsocTests.swift */,
				C6398DE923992C4200C836AC /* Info.plist */,
			);
			path = printsocTests;
			sourceTree = "<group>";
		};
		C6398DF123992C4200C836AC /* printsocUITests */ = {
			isa = PBXGroup;
			children = (
				C6398DF223992C4200C836AC /* printsocUITests.swift */,
				C6398DF423992C4200C836AC /* Info.plist */,
			);
			path = printsocUITests;
			sourceTree = "<group>";
		};
		C692EA272399363D005512DA /* Views */ = {
			isa = PBXGroup;
			children = (
				C69BDE9E23A29C9A00BABBAE /* Common */,
				C69BDE9F23A29CA500BABBAE /* Login */,
				C69BDEA023A29CB600BABBAE /* Quota */,
				C69BDEA123A29D2A00BABBAE /* Print */,
				C6928F88239A30FD00C4242F /* HomeView.swift */,
			);
			path = Views;
			sourceTree = "<group>";
		};
		C69BDE8C23A1212600BABBAE /* Transport */ = {
			isa = PBXGroup;
			children = (
				C69BDE9723A228E200BABBAE /* NMSSH */,
				C63522E9239A15AC006C305E /* Transport.swift */,
				C69BDE8D23A1213000BABBAE /* TransportError.swift */,
				C69BDE9123A1237C00BABBAE /* TransportConstants.swift */,
				C69BDE9523A2265200BABBAE /* TransportSession.swift */,
				C69BDE9A23A22A8F00BABBAE /* TransportSessionError.swift */,
			);
			path = Transport;
			sourceTree = "<group>";
		};
		C69BDE9723A228E200BABBAE /* NMSSH */ = {
			isa = PBXGroup;
			children = (
				C69BDE8F23A1214600BABBAE /* NMSSHTransport.swift */,
				C69BDE9823A228EE00BABBAE /* NMSSHTransportSession.swift */,
			);
			path = NMSSH;
			sourceTree = "<group>";
		};
		C69BDE9E23A29C9A00BABBAE /* Common */ = {
			isa = PBXGroup;
			children = (
				C6928F84239A234700C4242F /* ActivityIndicator.swift */,
				C69BDEA623A29E8500BABBAE /* TabLabel.swift */,
				C69BDEA823A398C100BABBAE /* PDFPreview.swift */,
				C69BDEAA23A39A9F00BABBAE /* DocumentPicker.swift */,
			);
			path = Common;
			sourceTree = "<group>";
		};
		C69BDE9F23A29CA500BABBAE /* Login */ = {
			isa = PBXGroup;
			children = (
				C692EA2523993631005512DA /* LoginView.swift */,
			);
			path = Login;
			sourceTree = "<group>";
		};
		C69BDEA023A29CB600BABBAE /* Quota */ = {
			isa = PBXGroup;
			children = (
				C69BDE9C23A2995B00BABBAE /* QuotaView.swift */,
				C6928F8C239A4E7500C4242F /* PrintUsageView.swift */,
				C6928F8E239A577B00C4242F /* PrintUsageSectionView.swift */,
			);
			path = Quota;
			sourceTree = "<group>";
		};
		C69BDEA123A29D2A00BABBAE /* Print */ = {
			isa = PBXGroup;
			children = (
				C69BDEA223A29D3E00BABBAE /* PrintView.swift */,
				C6AB598623A7BB9F00FDE0E9 /* PrintSettingsView.swift */,
				C6AB598823A7BC6800FDE0E9 /* PrinterPickerView.swift */,
			);
			path = Print;
			sourceTree = "<group>";
		};
/* End PBXGroup section */

/* Begin PBXNativeTarget section */
		C6398DCC23992C3F00C836AC /* printsoc */ = {
			isa = PBXNativeTarget;
			buildConfigurationList = C6398DF723992C4200C836AC /* Build configuration list for PBXNativeTarget "printsoc" */;
			buildPhases = (
				F9B8BE2F5AC104342958C1D7 /* [CP] Check Pods Manifest.lock */,
				C692EA23239930A1005512DA /* ShellScript */,
				C692EA2423993154005512DA /* ShellScript */,
				C6398DC923992C3F00C836AC /* Sources */,
				C6398DCA23992C3F00C836AC /* Frameworks */,
				C6398DCB23992C3F00C836AC /* Resources */,
				1D2FF4B8804D31AB842AF414 /* [CP] Embed Pods Frameworks */,
			);
			buildRules = (
			);
			dependencies = (
			);
			name = printsoc;
			productName = printsoc;
			productReference = C6398DCD23992C3F00C836AC /* printsoc.app */;
			productType = "com.apple.product-type.application";
		};
		C6398DE223992C4200C836AC /* printsocTests */ = {
			isa = PBXNativeTarget;
			buildConfigurationList = C6398DFA23992C4200C836AC /* Build configuration list for PBXNativeTarget "printsocTests" */;
			buildPhases = (
				8C1D8C1A4654689591379FF9 /* [CP] Check Pods Manifest.lock */,
				C6398DDF23992C4200C836AC /* Sources */,
				C6398DE023992C4200C836AC /* Frameworks */,
				C6398DE123992C4200C836AC /* Resources */,
			);
			buildRules = (
			);
			dependencies = (
				C6398DE523992C4200C836AC /* PBXTargetDependency */,
			);
			name = printsocTests;
			productName = printsocTests;
			productReference = C6398DE323992C4200C836AC /* printsocTests.xctest */;
			productType = "com.apple.product-type.bundle.unit-test";
		};
		C6398DED23992C4200C836AC /* printsocUITests */ = {
			isa = PBXNativeTarget;
			buildConfigurationList = C6398DFD23992C4200C836AC /* Build configuration list for PBXNativeTarget "printsocUITests" */;
			buildPhases = (
				6BD1BB4B80E64B72DD7EDDD4 /* [CP] Check Pods Manifest.lock */,
				C6398DEA23992C4200C836AC /* Sources */,
				C6398DEB23992C4200C836AC /* Frameworks */,
				C6398DEC23992C4200C836AC /* Resources */,
				D2A902B8AEC776D9ED6CF389 /* [CP] Embed Pods Frameworks */,
			);
			buildRules = (
			);
			dependencies = (
				C6398DF023992C4200C836AC /* PBXTargetDependency */,
			);
			name = printsocUITests;
			productName = printsocUITests;
			productReference = C6398DEE23992C4200C836AC /* printsocUITests.xctest */;
			productType = "com.apple.product-type.bundle.ui-testing";
		};
/* End PBXNativeTarget section */

/* Begin PBXProject section */
		C6398DC523992C3F00C836AC /* Project object */ = {
			isa = PBXProject;
			attributes = {
				LastSwiftUpdateCheck = 1120;
				LastUpgradeCheck = 1120;
				ORGANIZATIONNAME = Julius;
				TargetAttributes = {
					C6398DCC23992C3F00C836AC = {
						CreatedOnToolsVersion = 11.2.1;
					};
					C6398DE223992C4200C836AC = {
						CreatedOnToolsVersion = 11.2.1;
						TestTargetID = C6398DCC23992C3F00C836AC;
					};
					C6398DED23992C4200C836AC = {
						CreatedOnToolsVersion = 11.2.1;
						TestTargetID = C6398DCC23992C3F00C836AC;
					};
				};
			};
			buildConfigurationList = C6398DC823992C3F00C836AC /* Build configuration list for PBXProject "printsoc" */;
			compatibilityVersion = "Xcode 9.3";
			developmentRegion = en;
			hasScannedForEncodings = 0;
			knownRegions = (
				en,
				Base,
			);
			mainGroup = C6398DC423992C3F00C836AC;
			productRefGroup = C6398DCE23992C3F00C836AC /* Products */;
			projectDirPath = "";
			projectRoot = "";
			targets = (
				C6398DCC23992C3F00C836AC /* printsoc */,
				C6398DE223992C4200C836AC /* printsocTests */,
				C6398DED23992C4200C836AC /* printsocUITests */,
			);
		};
/* End PBXProject section */

/* Begin PBXResourcesBuildPhase section */
		C6398DCB23992C3F00C836AC /* Resources */ = {
			isa = PBXResourcesBuildPhase;
			buildActionMask = 2147483647;
			files = (
				C6398DDD23992C4200C836AC /* LaunchScreen.storyboard in Resources */,
				C6398DDA23992C4200C836AC /* Preview Assets.xcassets in Resources */,
				C6398DD723992C4200C836AC /* Assets.xcassets in Resources */,
			);
			runOnlyForDeploymentPostprocessing = 0;
		};
		C6398DE123992C4200C836AC /* Resources */ = {
			isa = PBXResourcesBuildPhase;
			buildActionMask = 2147483647;
			files = (
			);
			runOnlyForDeploymentPostprocessing = 0;
		};
		C6398DEC23992C4200C836AC /* Resources */ = {
			isa = PBXResourcesBuildPhase;
			buildActionMask = 2147483647;
			files = (
			);
			runOnlyForDeploymentPostprocessing = 0;
		};
/* End PBXResourcesBuildPhase section */

/* Begin PBXShellScriptBuildPhase section */
		1D2FF4B8804D31AB842AF414 /* [CP] Embed Pods Frameworks */ = {
			isa = PBXShellScriptBuildPhase;
			buildActionMask = 2147483647;
			files = (
			);
			inputFileListPaths = (
				"${PODS_ROOT}/Target Support Files/Pods-printsoc/Pods-printsoc-frameworks-${CONFIGURATION}-input-files.xcfilelist",
			);
			name = "[CP] Embed Pods Frameworks";
			outputFileListPaths = (
				"${PODS_ROOT}/Target Support Files/Pods-printsoc/Pods-printsoc-frameworks-${CONFIGURATION}-output-files.xcfilelist",
			);
			runOnlyForDeploymentPostprocessing = 0;
			shellPath = /bin/sh;
			shellScript = "\"${PODS_ROOT}/Target Support Files/Pods-printsoc/Pods-printsoc-frameworks.sh\"\n";
			showEnvVarsInLog = 0;
		};
		6BD1BB4B80E64B72DD7EDDD4 /* [CP] Check Pods Manifest.lock */ = {
			isa = PBXShellScriptBuildPhase;
			buildActionMask = 2147483647;
			files = (
			);
			inputFileListPaths = (
			);
			inputPaths = (
				"${PODS_PODFILE_DIR_PATH}/Podfile.lock",
				"${PODS_ROOT}/Manifest.lock",
			);
			name = "[CP] Check Pods Manifest.lock";
			outputFileListPaths = (
			);
			outputPaths = (
				"$(DERIVED_FILE_DIR)/Pods-printsoc-printsocUITests-checkManifestLockResult.txt",
			);
			runOnlyForDeploymentPostprocessing = 0;
			shellPath = /bin/sh;
			shellScript = "diff \"${PODS_PODFILE_DIR_PATH}/Podfile.lock\" \"${PODS_ROOT}/Manifest.lock\" > /dev/null\nif [ $? != 0 ] ; then\n    # print error to STDERR\n    echo \"error: The sandbox is not in sync with the Podfile.lock. Run 'pod install' or update your CocoaPods installation.\" >&2\n    exit 1\nfi\n# This output is used by Xcode 'outputs' to avoid re-running this script phase.\necho \"SUCCESS\" > \"${SCRIPT_OUTPUT_FILE_0}\"\n";
			showEnvVarsInLog = 0;
		};
		8C1D8C1A4654689591379FF9 /* [CP] Check Pods Manifest.lock */ = {
			isa = PBXShellScriptBuildPhase;
			buildActionMask = 2147483647;
			files = (
			);
			inputFileListPaths = (
			);
			inputPaths = (
				"${PODS_PODFILE_DIR_PATH}/Podfile.lock",
				"${PODS_ROOT}/Manifest.lock",
			);
			name = "[CP] Check Pods Manifest.lock";
			outputFileListPaths = (
			);
			outputPaths = (
				"$(DERIVED_FILE_DIR)/Pods-printsocTests-checkManifestLockResult.txt",
			);
			runOnlyForDeploymentPostprocessing = 0;
			shellPath = /bin/sh;
			shellScript = "diff \"${PODS_PODFILE_DIR_PATH}/Podfile.lock\" \"${PODS_ROOT}/Manifest.lock\" > /dev/null\nif [ $? != 0 ] ; then\n    # print error to STDERR\n    echo \"error: The sandbox is not in sync with the Podfile.lock. Run 'pod install' or update your CocoaPods installation.\" >&2\n    exit 1\nfi\n# This output is used by Xcode 'outputs' to avoid re-running this script phase.\necho \"SUCCESS\" > \"${SCRIPT_OUTPUT_FILE_0}\"\n";
			showEnvVarsInLog = 0;
		};
		C692EA23239930A1005512DA /* ShellScript */ = {
			isa = PBXShellScriptBuildPhase;
			buildActionMask = 2147483647;
			files = (
			);
			inputFileListPaths = (
			);
			inputPaths = (
			);
			outputFileListPaths = (
			);
			outputPaths = (
			);
			runOnlyForDeploymentPostprocessing = 0;
			shellPath = /bin/sh;
			shellScript = "\"${PODS_ROOT}/SwiftFormat/CommandLineTool/swiftformat\" .\n";
		};
		C692EA2423993154005512DA /* ShellScript */ = {
			isa = PBXShellScriptBuildPhase;
			buildActionMask = 2147483647;
			files = (
			);
			inputFileListPaths = (
			);
			inputPaths = (
			);
			outputFileListPaths = (
			);
			outputPaths = (
			);
			runOnlyForDeploymentPostprocessing = 0;
			shellPath = /bin/sh;
			shellScript = "\"${PODS_ROOT}/SwiftLint/swiftlint\"\n";
		};
		D2A902B8AEC776D9ED6CF389 /* [CP] Embed Pods Frameworks */ = {
			isa = PBXShellScriptBuildPhase;
			buildActionMask = 2147483647;
			files = (
			);
			inputFileListPaths = (
				"${PODS_ROOT}/Target Support Files/Pods-printsoc-printsocUITests/Pods-printsoc-printsocUITests-frameworks-${CONFIGURATION}-input-files.xcfilelist",
			);
			name = "[CP] Embed Pods Frameworks";
			outputFileListPaths = (
				"${PODS_ROOT}/Target Support Files/Pods-printsoc-printsocUITests/Pods-printsoc-printsocUITests-frameworks-${CONFIGURATION}-output-files.xcfilelist",
			);
			runOnlyForDeploymentPostprocessing = 0;
			shellPath = /bin/sh;
			shellScript = "\"${PODS_ROOT}/Target Support Files/Pods-printsoc-printsocUITests/Pods-printsoc-printsocUITests-frameworks.sh\"\n";
			showEnvVarsInLog = 0;
		};
		F9B8BE2F5AC104342958C1D7 /* [CP] Check Pods Manifest.lock */ = {
			isa = PBXShellScriptBuildPhase;
			buildActionMask = 2147483647;
			files = (
			);
			inputFileListPaths = (
			);
			inputPaths = (
				"${PODS_PODFILE_DIR_PATH}/Podfile.lock",
				"${PODS_ROOT}/Manifest.lock",
			);
			name = "[CP] Check Pods Manifest.lock";
			outputFileListPaths = (
			);
			outputPaths = (
				"$(DERIVED_FILE_DIR)/Pods-printsoc-checkManifestLockResult.txt",
			);
			runOnlyForDeploymentPostprocessing = 0;
			shellPath = /bin/sh;
			shellScript = "diff \"${PODS_PODFILE_DIR_PATH}/Podfile.lock\" \"${PODS_ROOT}/Manifest.lock\" > /dev/null\nif [ $? != 0 ] ; then\n    # print error to STDERR\n    echo \"error: The sandbox is not in sync with the Podfile.lock. Run 'pod install' or update your CocoaPods installation.\" >&2\n    exit 1\nfi\n# This output is used by Xcode 'outputs' to avoid re-running this script phase.\necho \"SUCCESS\" > \"${SCRIPT_OUTPUT_FILE_0}\"\n";
			showEnvVarsInLog = 0;
		};
/* End PBXShellScriptBuildPhase section */

/* Begin PBXSourcesBuildPhase section */
		C6398DC923992C3F00C836AC /* Sources */ = {
			isa = PBXSourcesBuildPhase;
			buildActionMask = 2147483647;
			files = (
				C69BDE9223A1237C00BABBAE /* TransportConstants.swift in Sources */,
				C69BDEA323A29D3E00BABBAE /* PrintView.swift in Sources */,
				C69BDE9623A2265200BABBAE /* TransportSession.swift in Sources */,
				C69BDE8E23A1213000BABBAE /* TransportError.swift in Sources */,
				C69BDEAB23A39A9F00BABBAE /* DocumentPicker.swift in Sources */,
				C63522E323994158006C305E /* Account.swift in Sources */,
				C6398DD123992C3F00C836AC /* AppDelegate.swift in Sources */,
				C69BDE9023A1214600BABBAE /* NMSSHTransport.swift in Sources */,
				C69BDE9923A228EE00BABBAE /* NMSSHTransportSession.swift in Sources */,
				C6928F89239A30FD00C4242F /* HomeView.swift in Sources */,
				C6398DD323992C3F00C836AC /* SceneDelegate.swift in Sources */,
				C6928F8D239A4E7500C4242F /* PrintUsageView.swift in Sources */,
				C6398DD523992C3F00C836AC /* ContentView.swift in Sources */,
				C69BDEA923A398C100BABBAE /* PDFPreview.swift in Sources */,
				C69BDE9B23A22A8F00BABBAE /* TransportSessionError.swift in Sources */,
				C6AB598923A7BC6800FDE0E9 /* PrinterPickerView.swift in Sources */,
				C6928F8B239A353500C4242F /* PaperUsage.swift in Sources */,
				C63522EA239A15AC006C305E /* Transport.swift in Sources */,
				C692EA2623993631005512DA /* LoginView.swift in Sources */,
				C6928F85239A234700C4242F /* ActivityIndicator.swift in Sources */,
				C6928F8F239A577B00C4242F /* PrintUsageSectionView.swift in Sources */,
				C6AB598723A7BB9F00FDE0E9 /* PrintSettingsView.swift in Sources */,
				C63522E523994243006C305E /* AppState.swift in Sources */,
				C69BDE9423A2244500BABBAE /* Data.swift in Sources */,
				C69BDEA723A29E8500BABBAE /* TabLabel.swift in Sources */,
				C69BDE9D23A2995B00BABBAE /* QuotaView.swift in Sources */,
			);
			runOnlyForDeploymentPostprocessing = 0;
		};
		C6398DDF23992C4200C836AC /* Sources */ = {
			isa = PBXSourcesBuildPhase;
			buildActionMask = 2147483647;
			files = (
				C6398DE823992C4200C836AC /* printsocTests.swift in Sources */,
			);
			runOnlyForDeploymentPostprocessing = 0;
		};
		C6398DEA23992C4200C836AC /* Sources */ = {
			isa = PBXSourcesBuildPhase;
			buildActionMask = 2147483647;
			files = (
				C6398DF323992C4200C836AC /* printsocUITests.swift in Sources */,
			);
			runOnlyForDeploymentPostprocessing = 0;
		};
/* End PBXSourcesBuildPhase section */

/* Begin PBXTargetDependency section */
		C6398DE523992C4200C836AC /* PBXTargetDependency */ = {
			isa = PBXTargetDependency;
			target = C6398DCC23992C3F00C836AC /* printsoc */;
			targetProxy = C6398DE423992C4200C836AC /* PBXContainerItemProxy */;
		};
		C6398DF023992C4200C836AC /* PBXTargetDependency */ = {
			isa = PBXTargetDependency;
			target = C6398DCC23992C3F00C836AC /* printsoc */;
			targetProxy = C6398DEF23992C4200C836AC /* PBXContainerItemProxy */;
		};
/* End PBXTargetDependency section */

/* Begin PBXVariantGroup section */
		C6398DDB23992C4200C836AC /* LaunchScreen.storyboard */ = {
			isa = PBXVariantGroup;
			children = (
				C6398DDC23992C4200C836AC /* Base */,
			);
			name = LaunchScreen.storyboard;
			sourceTree = "<group>";
		};
/* End PBXVariantGroup section */

/* Begin XCBuildConfiguration section */
		C6398DF523992C4200C836AC /* Debug */ = {
			isa = XCBuildConfiguration;
			buildSettings = {
				ALWAYS_SEARCH_USER_PATHS = NO;
				CLANG_ANALYZER_NONNULL = YES;
				CLANG_ANALYZER_NUMBER_OBJECT_CONVERSION = YES_AGGRESSIVE;
				CLANG_CXX_LANGUAGE_STANDARD = "gnu++14";
				CLANG_CXX_LIBRARY = "libc++";
				CLANG_ENABLE_MODULES = YES;
				CLANG_ENABLE_OBJC_ARC = YES;
				CLANG_ENABLE_OBJC_WEAK = YES;
				CLANG_WARN_BLOCK_CAPTURE_AUTORELEASING = YES;
				CLANG_WARN_BOOL_CONVERSION = YES;
				CLANG_WARN_COMMA = YES;
				CLANG_WARN_CONSTANT_CONVERSION = YES;
				CLANG_WARN_DEPRECATED_OBJC_IMPLEMENTATIONS = YES;
				CLANG_WARN_DIRECT_OBJC_ISA_USAGE = YES_ERROR;
				CLANG_WARN_DOCUMENTATION_COMMENTS = YES;
				CLANG_WARN_EMPTY_BODY = YES;
				CLANG_WARN_ENUM_CONVERSION = YES;
				CLANG_WARN_INFINITE_RECURSION = YES;
				CLANG_WARN_INT_CONVERSION = YES;
				CLANG_WARN_NON_LITERAL_NULL_CONVERSION = YES;
				CLANG_WARN_OBJC_IMPLICIT_RETAIN_SELF = YES;
				CLANG_WARN_OBJC_LITERAL_CONVERSION = YES;
				CLANG_WARN_OBJC_ROOT_CLASS = YES_ERROR;
				CLANG_WARN_RANGE_LOOP_ANALYSIS = YES;
				CLANG_WARN_STRICT_PROTOTYPES = YES;
				CLANG_WARN_SUSPICIOUS_MOVE = YES;
				CLANG_WARN_UNGUARDED_AVAILABILITY = YES_AGGRESSIVE;
				CLANG_WARN_UNREACHABLE_CODE = YES;
				CLANG_WARN__DUPLICATE_METHOD_MATCH = YES;
				COPY_PHASE_STRIP = NO;
				DEBUG_INFORMATION_FORMAT = dwarf;
				ENABLE_STRICT_OBJC_MSGSEND = YES;
				ENABLE_TESTABILITY = YES;
				GCC_C_LANGUAGE_STANDARD = gnu11;
				GCC_DYNAMIC_NO_PIC = NO;
				GCC_NO_COMMON_BLOCKS = YES;
				GCC_OPTIMIZATION_LEVEL = 0;
				GCC_PREPROCESSOR_DEFINITIONS = (
					"DEBUG=1",
					"$(inherited)",
				);
				GCC_WARN_64_TO_32_BIT_CONVERSION = YES;
				GCC_WARN_ABOUT_RETURN_TYPE = YES_ERROR;
				GCC_WARN_UNDECLARED_SELECTOR = YES;
				GCC_WARN_UNINITIALIZED_AUTOS = YES_AGGRESSIVE;
				GCC_WARN_UNUSED_FUNCTION = YES;
				GCC_WARN_UNUSED_VARIABLE = YES;
				IPHONEOS_DEPLOYMENT_TARGET = 13.2;
				MTL_ENABLE_DEBUG_INFO = INCLUDE_SOURCE;
				MTL_FAST_MATH = YES;
				ONLY_ACTIVE_ARCH = YES;
				SDKROOT = iphoneos;
				SWIFT_ACTIVE_COMPILATION_CONDITIONS = DEBUG;
				SWIFT_OPTIMIZATION_LEVEL = "-Onone";
			};
			name = Debug;
		};
		C6398DF623992C4200C836AC /* Release */ = {
			isa = XCBuildConfiguration;
			buildSettings = {
				ALWAYS_SEARCH_USER_PATHS = NO;
				CLANG_ANALYZER_NONNULL = YES;
				CLANG_ANALYZER_NUMBER_OBJECT_CONVERSION = YES_AGGRESSIVE;
				CLANG_CXX_LANGUAGE_STANDARD = "gnu++14";
				CLANG_CXX_LIBRARY = "libc++";
				CLANG_ENABLE_MODULES = YES;
				CLANG_ENABLE_OBJC_ARC = YES;
				CLANG_ENABLE_OBJC_WEAK = YES;
				CLANG_WARN_BLOCK_CAPTURE_AUTORELEASING = YES;
				CLANG_WARN_BOOL_CONVERSION = YES;
				CLANG_WARN_COMMA = YES;
				CLANG_WARN_CONSTANT_CONVERSION = YES;
				CLANG_WARN_DEPRECATED_OBJC_IMPLEMENTATIONS = YES;
				CLANG_WARN_DIRECT_OBJC_ISA_USAGE = YES_ERROR;
				CLANG_WARN_DOCUMENTATION_COMMENTS = YES;
				CLANG_WARN_EMPTY_BODY = YES;
				CLANG_WARN_ENUM_CONVERSION = YES;
				CLANG_WARN_INFINITE_RECURSION = YES;
				CLANG_WARN_INT_CONVERSION = YES;
				CLANG_WARN_NON_LITERAL_NULL_CONVERSION = YES;
				CLANG_WARN_OBJC_IMPLICIT_RETAIN_SELF = YES;
				CLANG_WARN_OBJC_LITERAL_CONVERSION = YES;
				CLANG_WARN_OBJC_ROOT_CLASS = YES_ERROR;
				CLANG_WARN_RANGE_LOOP_ANALYSIS = YES;
				CLANG_WARN_STRICT_PROTOTYPES = YES;
				CLANG_WARN_SUSPICIOUS_MOVE = YES;
				CLANG_WARN_UNGUARDED_AVAILABILITY = YES_AGGRESSIVE;
				CLANG_WARN_UNREACHABLE_CODE = YES;
				CLANG_WARN__DUPLICATE_METHOD_MATCH = YES;
				COPY_PHASE_STRIP = NO;
				DEBUG_INFORMATION_FORMAT = "dwarf-with-dsym";
				ENABLE_NS_ASSERTIONS = NO;
				ENABLE_STRICT_OBJC_MSGSEND = YES;
				GCC_C_LANGUAGE_STANDARD = gnu11;
				GCC_NO_COMMON_BLOCKS = YES;
				GCC_WARN_64_TO_32_BIT_CONVERSION = YES;
				GCC_WARN_ABOUT_RETURN_TYPE = YES_ERROR;
				GCC_WARN_UNDECLARED_SELECTOR = YES;
				GCC_WARN_UNINITIALIZED_AUTOS = YES_AGGRESSIVE;
				GCC_WARN_UNUSED_FUNCTION = YES;
				GCC_WARN_UNUSED_VARIABLE = YES;
				IPHONEOS_DEPLOYMENT_TARGET = 13.2;
				MTL_ENABLE_DEBUG_INFO = NO;
				MTL_FAST_MATH = YES;
				SDKROOT = iphoneos;
				SWIFT_COMPILATION_MODE = wholemodule;
				SWIFT_OPTIMIZATION_LEVEL = "-O";
				VALIDATE_PRODUCT = YES;
			};
			name = Release;
		};
		C6398DF823992C4200C836AC /* Debug */ = {
			isa = XCBuildConfiguration;
			baseConfigurationReference = 82FEE29C25F2DD212B82D79E /* Pods-printsoc.debug.xcconfig */;
			buildSettings = {
				ASSETCATALOG_COMPILER_APPICON_NAME = AppIcon;
				CODE_SIGN_ENTITLEMENTS = printsoc/printsoc.entitlements;
				CODE_SIGN_STYLE = Automatic;
				DEVELOPMENT_ASSET_PATHS = "\"printsoc/Preview Content\"";
				DEVELOPMENT_TEAM = 6C688DY2VC;
				ENABLE_PREVIEWS = YES;
				INFOPLIST_FILE = printsoc/Info.plist;
				LD_RUNPATH_SEARCH_PATHS = (
					"$(inherited)",
					"@executable_path/Frameworks",
				);
				PRODUCT_BUNDLE_IDENTIFIER = sg.julius.printsoc;
				PRODUCT_NAME = "$(TARGET_NAME)";
				SWIFT_VERSION = 5.0;
				TARGETED_DEVICE_FAMILY = "1,2";
			};
			name = Debug;
		};
		C6398DF923992C4200C836AC /* Release */ = {
			isa = XCBuildConfiguration;
			baseConfigurationReference = D12BFB1D031F14949DC4BC3D /* Pods-printsoc.release.xcconfig */;
			buildSettings = {
				ASSETCATALOG_COMPILER_APPICON_NAME = AppIcon;
				CODE_SIGN_ENTITLEMENTS = printsoc/printsoc.entitlements;
				CODE_SIGN_STYLE = Automatic;
				DEVELOPMENT_ASSET_PATHS = "\"printsoc/Preview Content\"";
				DEVELOPMENT_TEAM = 6C688DY2VC;
				ENABLE_PREVIEWS = YES;
				INFOPLIST_FILE = printsoc/Info.plist;
				LD_RUNPATH_SEARCH_PATHS = (
					"$(inherited)",
					"@executable_path/Frameworks",
				);
				PRODUCT_BUNDLE_IDENTIFIER = sg.julius.printsoc;
				PRODUCT_NAME = "$(TARGET_NAME)";
				SWIFT_VERSION = 5.0;
				TARGETED_DEVICE_FAMILY = "1,2";
			};
			name = Release;
		};
		C6398DFB23992C4200C836AC /* Debug */ = {
			isa = XCBuildConfiguration;
			baseConfigurationReference = 8A88A8D8E9CF5D0489BF8066 /* Pods-printsocTests.debug.xcconfig */;
			buildSettings = {
				ALWAYS_EMBED_SWIFT_STANDARD_LIBRARIES = YES;
				BUNDLE_LOADER = "$(TEST_HOST)";
				CODE_SIGN_STYLE = Automatic;
				DEVELOPMENT_TEAM = 6C688DY2VC;
				INFOPLIST_FILE = printsocTests/Info.plist;
				IPHONEOS_DEPLOYMENT_TARGET = 13.2;
				LD_RUNPATH_SEARCH_PATHS = (
					"$(inherited)",
					"@executable_path/Frameworks",
					"@loader_path/Frameworks",
				);
				PRODUCT_BUNDLE_IDENTIFIER = sg.julius.printsocTests;
				PRODUCT_NAME = "$(TARGET_NAME)";
				SWIFT_VERSION = 5.0;
				TARGETED_DEVICE_FAMILY = "1,2";
				TEST_HOST = "$(BUILT_PRODUCTS_DIR)/printsoc.app/printsoc";
			};
			name = Debug;
		};
		C6398DFC23992C4200C836AC /* Release */ = {
			isa = XCBuildConfiguration;
			baseConfigurationReference = 9FDFBB186CB189609BF81933 /* Pods-printsocTests.release.xcconfig */;
			buildSettings = {
				ALWAYS_EMBED_SWIFT_STANDARD_LIBRARIES = YES;
				BUNDLE_LOADER = "$(TEST_HOST)";
				CODE_SIGN_STYLE = Automatic;
				DEVELOPMENT_TEAM = 6C688DY2VC;
				INFOPLIST_FILE = printsocTests/Info.plist;
				IPHONEOS_DEPLOYMENT_TARGET = 13.2;
				LD_RUNPATH_SEARCH_PATHS = (
					"$(inherited)",
					"@executable_path/Frameworks",
					"@loader_path/Frameworks",
				);
				PRODUCT_BUNDLE_IDENTIFIER = sg.julius.printsocTests;
				PRODUCT_NAME = "$(TARGET_NAME)";
				SWIFT_VERSION = 5.0;
				TARGETED_DEVICE_FAMILY = "1,2";
				TEST_HOST = "$(BUILT_PRODUCTS_DIR)/printsoc.app/printsoc";
			};
			name = Release;
		};
		C6398DFE23992C4200C836AC /* Debug */ = {
			isa = XCBuildConfiguration;
			baseConfigurationReference = 3BD84D4ABC1F999163D29FD1 /* Pods-printsoc-printsocUITests.debug.xcconfig */;
			buildSettings = {
				ALWAYS_EMBED_SWIFT_STANDARD_LIBRARIES = YES;
				CODE_SIGN_STYLE = Automatic;
				DEVELOPMENT_TEAM = 6C688DY2VC;
				INFOPLIST_FILE = printsocUITests/Info.plist;
				LD_RUNPATH_SEARCH_PATHS = (
					"$(inherited)",
					"@executable_path/Frameworks",
					"@loader_path/Frameworks",
				);
				PRODUCT_BUNDLE_IDENTIFIER = sg.julius.printsocUITests;
				PRODUCT_NAME = "$(TARGET_NAME)";
				SWIFT_VERSION = 5.0;
				TARGETED_DEVICE_FAMILY = "1,2";
				TEST_TARGET_NAME = printsoc;
			};
			name = Debug;
		};
		C6398DFF23992C4200C836AC /* Release */ = {
			isa = XCBuildConfiguration;
			baseConfigurationReference = A1E77E6D38BD619367E86547 /* Pods-printsoc-printsocUITests.release.xcconfig */;
			buildSettings = {
				ALWAYS_EMBED_SWIFT_STANDARD_LIBRARIES = YES;
				CODE_SIGN_STYLE = Automatic;
				DEVELOPMENT_TEAM = 6C688DY2VC;
				INFOPLIST_FILE = printsocUITests/Info.plist;
				LD_RUNPATH_SEARCH_PATHS = (
					"$(inherited)",
					"@executable_path/Frameworks",
					"@loader_path/Frameworks",
				);
				PRODUCT_BUNDLE_IDENTIFIER = sg.julius.printsocUITests;
				PRODUCT_NAME = "$(TARGET_NAME)";
				SWIFT_VERSION = 5.0;
				TARGETED_DEVICE_FAMILY = "1,2";
				TEST_TARGET_NAME = printsoc;
			};
			name = Release;
		};
/* End XCBuildConfiguration section */

/* Begin XCConfigurationList section */
		C6398DC823992C3F00C836AC /* Build configuration list for PBXProject "printsoc" */ = {
			isa = XCConfigurationList;
			buildConfigurations = (
				C6398DF523992C4200C836AC /* Debug */,
				C6398DF623992C4200C836AC /* Release */,
			);
			defaultConfigurationIsVisible = 0;
			defaultConfigurationName = Release;
		};
		C6398DF723992C4200C836AC /* Build configuration list for PBXNativeTarget "printsoc" */ = {
			isa = XCConfigurationList;
			buildConfigurations = (
				C6398DF823992C4200C836AC /* Debug */,
				C6398DF923992C4200C836AC /* Release */,
			);
			defaultConfigurationIsVisible = 0;
			defaultConfigurationName = Release;
		};
		C6398DFA23992C4200C836AC /* Build configuration list for PBXNativeTarget "printsocTests" */ = {
			isa = XCConfigurationList;
			buildConfigurations = (
				C6398DFB23992C4200C836AC /* Debug */,
				C6398DFC23992C4200C836AC /* Release */,
			);
			defaultConfigurationIsVisible = 0;
			defaultConfigurationName = Release;
		};
		C6398DFD23992C4200C836AC /* Build configuration list for PBXNativeTarget "printsocUITests" */ = {
			isa = XCConfigurationList;
			buildConfigurations = (
				C6398DFE23992C4200C836AC /* Debug */,
				C6398DFF23992C4200C836AC /* Release */,
			);
			defaultConfigurationIsVisible = 0;
			defaultConfigurationName = Release;
		};
/* End XCConfigurationList section */
	};
	rootObject = C6398DC523992C3F00C836AC /* Project object */;
}
